// !$*UTF8*$!
{
	archiveVersion = 1;
	classes = {
	};
	objectVersion = 56;
	objects = {

/* Begin PBXBuildFile section */
		165FB9B12AB6E6D30095FCAD /* AppDelegate.swift in Sources */ = {isa = PBXBuildFile; fileRef = 165FB9B02AB6E6D30095FCAD /* AppDelegate.swift */; };
		165FB9B32AB6E6D30095FCAD /* SceneDelegate.swift in Sources */ = {isa = PBXBuildFile; fileRef = 165FB9B22AB6E6D30095FCAD /* SceneDelegate.swift */; };
		165FB9BD2AB6E6D40095FCAD /* LaunchScreen.storyboard in Resources */ = {isa = PBXBuildFile; fileRef = 165FB9BB2AB6E6D40095FCAD /* LaunchScreen.storyboard */; };
		165FB9CF2AB6E70E0095FCAD /* ChatViewController.swift in Sources */ = {isa = PBXBuildFile; fileRef = 165FB9C52AB6E70D0095FCAD /* ChatViewController.swift */; };
		165FB9D02AB6E70E0095FCAD /* WelcomeViewController.swift in Sources */ = {isa = PBXBuildFile; fileRef = 165FB9C62AB6E70D0095FCAD /* WelcomeViewController.swift */; };
		165FB9D12AB6E70E0095FCAD /* LoginViewController.swift in Sources */ = {isa = PBXBuildFile; fileRef = 165FB9C72AB6E70D0095FCAD /* LoginViewController.swift */; };
		165FB9D22AB6E70E0095FCAD /* RegisterViewController.swift in Sources */ = {isa = PBXBuildFile; fileRef = 165FB9C92AB6E70D0095FCAD /* RegisterViewController.swift */; };
		165FB9D32AB6E70E0095FCAD /* Assets.xcassets in Resources */ = {isa = PBXBuildFile; fileRef = 165FB9CA2AB6E70D0095FCAD /* Assets.xcassets */; };
		165FB9D42AB6E70E0095FCAD /* Main.storyboard in Resources */ = {isa = PBXBuildFile; fileRef = 165FB9CB2AB6E70D0095FCAD /* Main.storyboard */; };
/* End PBXBuildFile section */

/* Begin PBXFileReference section */
		165FB9AD2AB6E6D30095FCAD /* Marathone 8.0 Flash-Chat.app */ = {isa = PBXFileReference; explicitFileType = wrapper.application; includeInIndex = 0; path = "Marathone 8.0 Flash-Chat.app"; sourceTree = BUILT_PRODUCTS_DIR; };
		165FB9B02AB6E6D30095FCAD /* AppDelegate.swift */ = {isa = PBXFileReference; lastKnownFileType = sourcecode.swift; path = AppDelegate.swift; sourceTree = "<group>"; };
		165FB9B22AB6E6D30095FCAD /* SceneDelegate.swift */ = {isa = PBXFileReference; lastKnownFileType = sourcecode.swift; path = SceneDelegate.swift; sourceTree = "<group>"; };
		165FB9BC2AB6E6D40095FCAD /* Base */ = {isa = PBXFileReference; lastKnownFileType = file.storyboard; name = Base; path = Base.lproj/LaunchScreen.storyboard; sourceTree = "<group>"; };
		165FB9BE2AB6E6D40095FCAD /* Info.plist */ = {isa = PBXFileReference; lastKnownFileType = text.plist.xml; path = Info.plist; sourceTree = "<group>"; };
		165FB9C52AB6E70D0095FCAD /* ChatViewController.swift */ = {isa = PBXFileReference; fileEncoding = 4; lastKnownFileType = sourcecode.swift; path = ChatViewController.swift; sourceTree = "<group>"; };
		165FB9C62AB6E70D0095FCAD /* WelcomeViewController.swift */ = {isa = PBXFileReference; fileEncoding = 4; lastKnownFileType = sourcecode.swift; path = WelcomeViewController.swift; sourceTree = "<group>"; };
		165FB9C72AB6E70D0095FCAD /* LoginViewController.swift */ = {isa = PBXFileReference; fileEncoding = 4; lastKnownFileType = sourcecode.swift; path = LoginViewController.swift; sourceTree = "<group>"; };
		165FB9C92AB6E70D0095FCAD /* RegisterViewController.swift */ = {isa = PBXFileReference; fileEncoding = 4; lastKnownFileType = sourcecode.swift; path = RegisterViewController.swift; sourceTree = "<group>"; };
		165FB9CA2AB6E70D0095FCAD /* Assets.xcassets */ = {isa = PBXFileReference; lastKnownFileType = folder.assetcatalog; path = Assets.xcassets; sourceTree = "<group>"; };
		165FB9CB2AB6E70D0095FCAD /* Main.storyboard */ = {isa = PBXFileReference; fileEncoding = 4; lastKnownFileType = file.storyboard; path = Main.storyboard; sourceTree = "<group>"; };
/* End PBXFileReference section */

/* Begin PBXFrameworksBuildPhase section */
		165FB9AA2AB6E6D30095FCAD /* Frameworks */ = {
			isa = PBXFrameworksBuildPhase;
			buildActionMask = 2147483647;
			files = (
			);
			runOnlyForDeploymentPostprocessing = 0;
		};
/* End PBXFrameworksBuildPhase section */

/* Begin PBXGroup section */
		165FB9A42AB6E6D30095FCAD = {
			isa = PBXGroup;
			children = (
				165FB9AF2AB6E6D30095FCAD /* Marathone 8.0 Flash-Chat */,
				165FB9AE2AB6E6D30095FCAD /* Products */,
			);
			sourceTree = "<group>";
		};
		165FB9AE2AB6E6D30095FCAD /* Products */ = {
			isa = PBXGroup;
			children = (
				165FB9AD2AB6E6D30095FCAD /* Marathone 8.0 Flash-Chat.app */,
			);
			name = Products;
			sourceTree = "<group>";
		};
		165FB9AF2AB6E6D30095FCAD /* Marathone 8.0 Flash-Chat */ = {
			isa = PBXGroup;
			children = (
				165FB9B02AB6E6D30095FCAD /* AppDelegate.swift */,
				165FB9B22AB6E6D30095FCAD /* SceneDelegate.swift */,
				165FB9C42AB6E70D0095FCAD /* Controllers */,
				165FB9CC2AB6E70E0095FCAD /* Views */,
				165FB9BB2AB6E6D40095FCAD /* LaunchScreen.storyboard */,
				165FB9CA2AB6E70D0095FCAD /* Assets.xcassets */,
				165FB9BE2AB6E6D40095FCAD /* Info.plist */,
			);
			path = "Marathone 8.0 Flash-Chat";
			sourceTree = "<group>";
		};
		165FB9C42AB6E70D0095FCAD /* Controllers */ = {
			isa = PBXGroup;
			children = (
				165FB9C52AB6E70D0095FCAD /* ChatViewController.swift */,
				165FB9C62AB6E70D0095FCAD /* WelcomeViewController.swift */,
				165FB9C72AB6E70D0095FCAD /* LoginViewController.swift */,
				165FB9C92AB6E70D0095FCAD /* RegisterViewController.swift */,
			);
			path = Controllers;
			sourceTree = "<group>";
		};
		165FB9CC2AB6E70E0095FCAD /* Views */ = {
			isa = PBXGroup;
			children = (
				165FB9CB2AB6E70D0095FCAD /* Main.storyboard */,
			);
			path = Views;
			sourceTree = "<group>";
		};
/* End PBXGroup section */

/* Begin PBXNativeTarget section */
		165FB9AC2AB6E6D30095FCAD /* Marathone 8.0 Flash-Chat */ = {
			isa = PBXNativeTarget;
			buildConfigurationList = 165FB9C12AB6E6D40095FCAD /* Build configuration list for PBXNativeTarget "Marathone 8.0 Flash-Chat" */;
			buildPhases = (
				165FB9A92AB6E6D30095FCAD /* Sources */,
				165FB9AA2AB6E6D30095FCAD /* Frameworks */,
				165FB9AB2AB6E6D30095FCAD /* Resources */,
			);
			buildRules = (
			);
			dependencies = (
			);
			name = "Marathone 8.0 Flash-Chat";
			productName = "Marathone 8.0 Flash-Chat";
			productReference = 165FB9AD2AB6E6D30095FCAD /* Marathone 8.0 Flash-Chat.app */;
			productType = "com.apple.product-type.application";
		};
/* End PBXNativeTarget section */

/* Begin PBXProject section */
		165FB9A52AB6E6D30095FCAD /* Project object */ = {
			isa = PBXProject;
			attributes = {
				BuildIndependentTargetsInParallel = 1;
				LastSwiftUpdateCheck = 1430;
				LastUpgradeCheck = 1430;
				TargetAttributes = {
					165FB9AC2AB6E6D30095FCAD = {
						CreatedOnToolsVersion = 14.3.1;
					};
				};
			};
			buildConfigurationList = 165FB9A82AB6E6D30095FCAD /* Build configuration list for PBXProject "Marathone 8.0 Flash-Chat" */;
			compatibilityVersion = "Xcode 14.0";
			developmentRegion = en;
			hasScannedForEncodings = 0;
			knownRegions = (
				en,
				Base,
			);
			mainGroup = 165FB9A42AB6E6D30095FCAD;
			productRefGroup = 165FB9AE2AB6E6D30095FCAD /* Products */;
			projectDirPath = "";
			projectRoot = "";
			targets = (
				165FB9AC2AB6E6D30095FCAD /* Marathone 8.0 Flash-Chat */,
			);
		};
/* End PBXProject section */

/* Begin PBXResourcesBuildPhase section */
		165FB9AB2AB6E6D30095FCAD /* Resources */ = {
			isa = PBXResourcesBuildPhase;
			buildActionMask = 2147483647;
			files = (
				165FB9D42AB6E70E0095FCAD /* Main.storyboard in Resources */,
				165FB9D32AB6E70E0095FCAD /* Assets.xcassets in Resources */,
				165FB9BD2AB6E6D40095FCAD /* LaunchScreen.storyboard in Resources */,
			);
			runOnlyForDeploymentPostprocessing = 0;
		};
/* End PBXResourcesBuildPhase section */

/* Begin PBXSourcesBuildPhase section */
		165FB9A92AB6E6D30095FCAD /* Sources */ = {
			isa = PBXSourcesBuildPhase;
			buildActionMask = 2147483647;
			files = (
				165FB9B12AB6E6D30095FCAD /* AppDelegate.swift in Sources */,
				165FB9D02AB6E70E0095FCAD /* WelcomeViewController.swift in Sources */,
				165FB9CF2AB6E70E0095FCAD /* ChatViewController.swift in Sources */,
				165FB9D22AB6E70E0095FCAD /* RegisterViewController.swift in Sources */,
				165FB9D12AB6E70E0095FCAD /* LoginViewController.swift in Sources */,
				165FB9B32AB6E6D30095FCAD /* SceneDelegate.swift in Sources */,
			);
			runOnlyForDeploymentPostprocessing = 0;
		};
/* End PBXSourcesBuildPhase section */

/* Begin PBXVariantGroup section */
		165FB9BB2AB6E6D40095FCAD /* LaunchScreen.storyboard */ = {
			isa = PBXVariantGroup;
			children = (
				165FB9BC2AB6E6D40095FCAD /* Base */,
			);
			name = LaunchScreen.storyboard;
			sourceTree = "<group>";
		};
/* End PBXVariantGroup section */

/* Begin XCBuildConfiguration section */
		165FB9BF2AB6E6D40095FCAD /* Debug */ = {
			isa = XCBuildConfiguration;
			buildSettings = {
				ALWAYS_SEARCH_USER_PATHS = NO;
				CLANG_ANALYZER_NONNULL = YES;
				CLANG_ANALYZER_NUMBER_OBJECT_CONVERSION = YES_AGGRESSIVE;
				CLANG_CXX_LANGUAGE_STANDARD = "gnu++20";
				CLANG_ENABLE_MODULES = YES;
				CLANG_ENABLE_OBJC_ARC = YES;
				CLANG_ENABLE_OBJC_WEAK = YES;
				CLANG_WARN_BLOCK_CAPTURE_AUTORELEASING = YES;
				CLANG_WARN_BOOL_CONVERSION = YES;
				CLANG_WARN_COMMA = YES;
				CLANG_WARN_CONSTANT_CONVERSION = YES;
				CLANG_WARN_DEPRECATED_OBJC_IMPLEMENTATIONS = YES;
				CLANG_WARN_DIRECT_OBJC_ISA_USAGE = YES_ERROR;
				CLANG_WARN_DOCUMENTATION_COMMENTS = YES;
				CLANG_WARN_EMPTY_BODY = YES;
				CLANG_WARN_ENUM_CONVERSION = YES;
				CLANG_WARN_INFINITE_RECURSION = YES;
				CLANG_WARN_INT_CONVERSION = YES;
				CLANG_WARN_NON_LITERAL_NULL_CONVERSION = YES;
				CLANG_WARN_OBJC_IMPLICIT_RETAIN_SELF = YES;
				CLANG_WARN_OBJC_LITERAL_CONVERSION = YES;
				CLANG_WARN_OBJC_ROOT_CLASS = YES_ERROR;
				CLANG_WARN_QUOTED_INCLUDE_IN_FRAMEWORK_HEADER = YES;
				CLANG_WARN_RANGE_LOOP_ANALYSIS = YES;
				CLANG_WARN_STRICT_PROTOTYPES = YES;
				CLANG_WARN_SUSPICIOUS_MOVE = YES;
				CLANG_WARN_UNGUARDED_AVAILABILITY = YES_AGGRESSIVE;
				CLANG_WARN_UNREACHABLE_CODE = YES;
				CLANG_WARN__DUPLICATE_METHOD_MATCH = YES;
				COPY_PHASE_STRIP = NO;
				DEBUG_INFORMATION_FORMAT = dwarf;
				ENABLE_STRICT_OBJC_MSGSEND = YES;
				ENABLE_TESTABILITY = YES;
				GCC_C_LANGUAGE_STANDARD = gnu11;
				GCC_DYNAMIC_NO_PIC = NO;
				GCC_NO_COMMON_BLOCKS = YES;
				GCC_OPTIMIZATION_LEVEL = 0;
				GCC_PREPROCESSOR_DEFINITIONS = (
					"DEBUG=1",
					"$(inherited)",
				);
				GCC_WARN_64_TO_32_BIT_CONVERSION = YES;
				GCC_WARN_ABOUT_RETURN_TYPE = YES_ERROR;
				GCC_WARN_UNDECLARED_SELECTOR = YES;
				GCC_WARN_UNINITIALIZED_AUTOS = YES_AGGRESSIVE;
				GCC_WARN_UNUSED_FUNCTION = YES;
				GCC_WARN_UNUSED_VARIABLE = YES;
				IPHONEOS_DEPLOYMENT_TARGET = 16.4;
				MTL_ENABLE_DEBUG_INFO = INCLUDE_SOURCE;
				MTL_FAST_MATH = YES;
				ONLY_ACTIVE_ARCH = YES;
				SDKROOT = iphoneos;
				SWIFT_ACTIVE_COMPILATION_CONDITIONS = DEBUG;
				SWIFT_OPTIMIZATION_LEVEL = "-Onone";
			};
			name = Debug;
		};
		165FB9C02AB6E6D40095FCAD /* Release */ = {
			isa = XCBuildConfiguration;
			buildSettings = {
				ALWAYS_SEARCH_USER_PATHS = NO;
				CLANG_ANALYZER_NONNULL = YES;
				CLANG_ANALYZER_NUMBER_OBJECT_CONVERSION = YES_AGGRESSIVE;
				CLANG_CXX_LANGUAGE_STANDARD = "gnu++20";
				CLANG_ENABLE_MODULES = YES;
				CLANG_ENABLE_OBJC_ARC = YES;
				CLANG_ENABLE_OBJC_WEAK = YES;
				CLANG_WARN_BLOCK_CAPTURE_AUTORELEASING = YES;
				CLANG_WARN_BOOL_CONVERSION = YES;
				CLANG_WARN_COMMA = YES;
				CLANG_WARN_CONSTANT_CONVERSION = YES;
				CLANG_WARN_DEPRECATED_OBJC_IMPLEMENTATIONS = YES;
				CLANG_WARN_DIRECT_OBJC_ISA_USAGE = YES_ERROR;
				CLANG_WARN_DOCUMENTATION_COMMENTS = YES;
				CLANG_WARN_EMPTY_BODY = YES;
				CLANG_WARN_ENUM_CONVERSION = YES;
				CLANG_WARN_INFINITE_RECURSION = YES;
				CLANG_WARN_INT_CONVERSION = YES;
				CLANG_WARN_NON_LITERAL_NULL_CONVERSION = YES;
				CLANG_WARN_OBJC_IMPLICIT_RETAIN_SELF = YES;
				CLANG_WARN_OBJC_LITERAL_CONVERSION = YES;
				CLANG_WARN_OBJC_ROOT_CLASS = YES_ERROR;
				CLANG_WARN_QUOTED_INCLUDE_IN_FRAMEWORK_HEADER = YES;
				CLANG_WARN_RANGE_LOOP_ANALYSIS = YES;
				CLANG_WARN_STRICT_PROTOTYPES = YES;
				CLANG_WARN_SUSPICIOUS_MOVE = YES;
				CLANG_WARN_UNGUARDED_AVAILABILITY = YES_AGGRESSIVE;
				CLANG_WARN_UNREACHABLE_CODE = YES;
				CLANG_WARN__DUPLICATE_METHOD_MATCH = YES;
				COPY_PHASE_STRIP = NO;
				DEBUG_INFORMATION_FORMAT = "dwarf-with-dsym";
				ENABLE_NS_ASSERTIONS = NO;
				ENABLE_STRICT_OBJC_MSGSEND = YES;
				GCC_C_LANGUAGE_STANDARD = gnu11;
				GCC_NO_COMMON_BLOCKS = YES;
				GCC_WARN_64_TO_32_BIT_CONVERSION = YES;
				GCC_WARN_ABOUT_RETURN_TYPE = YES_ERROR;
				GCC_WARN_UNDECLARED_SELECTOR = YES;
				GCC_WARN_UNINITIALIZED_AUTOS = YES_AGGRESSIVE;
				GCC_WARN_UNUSED_FUNCTION = YES;
				GCC_WARN_UNUSED_VARIABLE = YES;
				IPHONEOS_DEPLOYMENT_TARGET = 16.4;
				MTL_ENABLE_DEBUG_INFO = NO;
				MTL_FAST_MATH = YES;
				SDKROOT = iphoneos;
				SWIFT_COMPILATION_MODE = wholemodule;
				SWIFT_OPTIMIZATION_LEVEL = "-O";
				VALIDATE_PRODUCT = YES;
			};
			name = Release;
		};
		165FB9C22AB6E6D40095FCAD /* Debug */ = {
			isa = XCBuildConfiguration;
			buildSettings = {
				ASSETCATALOG_COMPILER_APPICON_NAME = AppIcon;
				ASSETCATALOG_COMPILER_GLOBAL_ACCENT_COLOR_NAME = AccentColor;
				CODE_SIGN_STYLE = Automatic;
				CURRENT_PROJECT_VERSION = 1;
				DEVELOPMENT_TEAM = W9HWC54SK4;
				GENERATE_INFOPLIST_FILE = YES;
				INFOPLIST_FILE = "Marathone 8.0 Flash-Chat/Info.plist";
				INFOPLIST_KEY_UIApplicationSupportsIndirectInputEvents = YES;
				INFOPLIST_KEY_UILaunchStoryboardName = LaunchScreen;
				INFOPLIST_KEY_UIMainStoryboardFile = Main;
				INFOPLIST_KEY_UISupportedInterfaceOrientations_iPad = "UIInterfaceOrientationPortrait UIInterfaceOrientationPortraitUpsideDown UIInterfaceOrientationLandscapeLeft UIInterfaceOrientationLandscapeRight";
				INFOPLIST_KEY_UISupportedInterfaceOrientations_iPhone = "UIInterfaceOrientationPortrait UIInterfaceOrientationLandscapeLeft UIInterfaceOrientationLandscapeRight";
				LD_RUNPATH_SEARCH_PATHS = (
					"$(inherited)",
					"@executable_path/Frameworks",
				);
				MARKETING_VERSION = 1.0;
				PRODUCT_BUNDLE_IDENTIFIER = "com.IslamCrew.Marathone-8-0-Flash-Chat";
				PRODUCT_NAME = "$(TARGET_NAME)";
				SWIFT_EMIT_LOC_STRINGS = YES;
				SWIFT_VERSION = 5.0;
				TARGETED_DEVICE_FAMILY = "1,2";
			};
			name = Debug;
		};
		165FB9C32AB6E6D40095FCAD /* Release */ = {
			isa = XCBuildConfiguration;
			buildSettings = {
				ASSETCATALOG_COMPILER_APPICON_NAME = AppIcon;
				ASSETCATALOG_COMPILER_GLOBAL_ACCENT_COLOR_NAME = AccentColor;
				CODE_SIGN_STYLE = Automatic;
				CURRENT_PROJECT_VERSION = 1;
				DEVELOPMENT_TEAM = W9HWC54SK4;
				GENERATE_INFOPLIST_FILE = YES;
				INFOPLIST_FILE = "Marathone 8.0 Flash-Chat/Info.plist";
				INFOPLIST_KEY_UIApplicationSupportsIndirectInputEvents = YES;
				INFOPLIST_KEY_UILaunchStoryboardName = LaunchScreen;
				INFOPLIST_KEY_UIMainStoryboardFile = Main;
				INFOPLIST_KEY_UISupportedInterfaceOrientations_iPad = "UIInterfaceOrientationPortrait UIInterfaceOrientationPortraitUpsideDown UIInterfaceOrientationLandscapeLeft UIInterfaceOrientationLandscapeRight";
				INFOPLIST_KEY_UISupportedInterfaceOrientations_iPhone = "UIInterfaceOrientationPortrait UIInterfaceOrientationLandscapeLeft UIInterfaceOrientationLandscapeRight";
				LD_RUNPATH_SEARCH_PATHS = (
					"$(inherited)",
					"@executable_path/Frameworks",
				);
				MARKETING_VERSION = 1.0;
				PRODUCT_BUNDLE_IDENTIFIER = "com.IslamCrew.Marathone-8-0-Flash-Chat";
				PRODUCT_NAME = "$(TARGET_NAME)";
				SWIFT_EMIT_LOC_STRINGS = YES;
				SWIFT_VERSION = 5.0;
				TARGETED_DEVICE_FAMILY = "1,2";
			};
			name = Release;
		};
/* End XCBuildConfiguration section */

/* Begin XCConfigurationList section */
		165FB9A82AB6E6D30095FCAD /* Build configuration list for PBXProject "Marathone 8.0 Flash-Chat" */ = {
			isa = XCConfigurationList;
			buildConfigurations = (
				165FB9BF2AB6E6D40095FCAD /* Debug */,
				165FB9C02AB6E6D40095FCAD /* Release */,
			);
			defaultConfigurationIsVisible = 0;
			defaultConfigurationName = Release;
		};
		165FB9C12AB6E6D40095FCAD /* Build configuration list for PBXNativeTarget "Marathone 8.0 Flash-Chat" */ = {
			isa = XCConfigurationList;
			buildConfigurations = (
				165FB9C22AB6E6D40095FCAD /* Debug */,
				165FB9C32AB6E6D40095FCAD /* Release */,
			);
			defaultConfigurationIsVisible = 0;
			defaultConfigurationName = Release;
		};
/* End XCConfigurationList section */
	};
	rootObject = 165FB9A52AB6E6D30095FCAD /* Project object */;
}
